{
  "requires": true,
  "lockfileVersion": 1,
  "dependencies": {
    "@sentry/core": {
      "version": "6.16.1",
      "resolved": "https://registry.npmjs.org/@sentry/core/-/core-6.16.1.tgz",
      "integrity": "sha512-UFI0264CPUc5cR1zJH+S2UPOANpm6dLJOnsvnIGTjsrwzR0h8Hdl6rC2R/GPq+WNbnipo9hkiIwDlqbqvIU5vw==",
      "requires": {
        "@sentry/hub": "6.16.1",
        "@sentry/minimal": "6.16.1",
        "@sentry/types": "6.16.1",
        "@sentry/utils": "6.16.1",
        "tslib": "^1.9.3"
      }
    },
    "@sentry/hub": {
      "version": "6.16.1",
      "resolved": "https://registry.npmjs.org/@sentry/hub/-/hub-6.16.1.tgz",
      "integrity": "sha512-4PGtg6AfpqMkreTpL7ymDeQ/U1uXv03bKUuFdtsSTn/FRf9TLS4JB0KuTZCxfp1IRgAA+iFg6B784dDkT8R9eg==",
      "requires": {
        "@sentry/types": "6.16.1",
        "@sentry/utils": "6.16.1",
        "tslib": "^1.9.3"
      }
    },
    "@sentry/minimal": {
      "version": "6.16.1",
      "resolved": "https://registry.npmjs.org/@sentry/minimal/-/minimal-6.16.1.tgz",
      "integrity": "sha512-dq+mI1EQIvUM+zJtGCVgH3/B3Sbx4hKlGf2Usovm9KoqWYA+QpfVBholYDe/H2RXgO7LFEefDLvOdHDkqeJoyA==",
      "requires": {
        "@sentry/hub": "6.16.1",
        "@sentry/types": "6.16.1",
        "tslib": "^1.9.3"
      }
    },
    "@sentry/node": {
      "version": "6.16.1",
      "resolved": "https://registry.npmjs.org/@sentry/node/-/node-6.16.1.tgz",
      "integrity": "sha512-SeDDoug2kUxeF1D7JGPa3h5EXxKtmA01mITBPYx5xbJ0sMksnv5I5bC1SJ8arRRzq6+W1C4IEeDBQtrVCk6ixA==",
      "requires": {
        "@sentry/core": "6.16.1",
        "@sentry/hub": "6.16.1",
        "@sentry/tracing": "6.16.1",
        "@sentry/types": "6.16.1",
        "@sentry/utils": "6.16.1",
        "cookie": "^0.4.1",
        "https-proxy-agent": "^5.0.0",
        "lru_map": "^0.3.3",
        "tslib": "^1.9.3"
      }
    },
    "@sentry/tracing": {
      "version": "6.16.1",
      "resolved": "https://registry.npmjs.org/@sentry/tracing/-/tracing-6.16.1.tgz",
      "integrity": "sha512-MPSbqXX59P+OEeST+U2V/8Hu/8QjpTUxTNeNyTHWIbbchdcMMjDbXTS3etCgajZR6Ro+DHElOz5cdSxH6IBGlA==",
      "requires": {
        "@sentry/hub": "6.16.1",
        "@sentry/minimal": "6.16.1",
        "@sentry/types": "6.16.1",
        "@sentry/utils": "6.16.1",
        "tslib": "^1.9.3"
      }
    },
    "@sentry/types": {
      "version": "6.16.1",
      "resolved": "https://registry.npmjs.org/@sentry/types/-/types-6.16.1.tgz",
      "integrity": "sha512-Wh354g30UsJ5kYJbercektGX4ZMc9MHU++1NjeN2bTMnbofEcpUDWIiKeulZEY65IC1iU+1zRQQgtYO+/hgCUQ=="
    },
    "@sentry/utils": {
      "version": "6.16.1",
      "resolved": "https://registry.npmjs.org/@sentry/utils/-/utils-6.16.1.tgz",
      "integrity": "sha512-7ngq/i4R8JZitJo9Sl8PDnjSbDehOxgr1vsoMmerIsyRZ651C/8B+jVkMhaAPgSdyJ0AlE3O7DKKTP1FXFw9qw==",
      "requires": {
        "@sentry/types": "6.16.1",
        "tslib": "^1.9.3"
      }
    },
    "agent-base": {
      "version": "6.0.2",
      "resolved": "https://registry.npmjs.org/agent-base/-/agent-base-6.0.2.tgz",
      "integrity": "sha512-RZNwNclF7+MS/8bDg70amg32dyeZGZxiDuQmZxKLAlQjr3jGyLx+4Kkk58UO7D2QdgFIQCovuSuZESne6RG6XQ==",
      "requires": {
        "debug": "4"
      }
    },
    "cookie": {
      "version": "0.4.1",
      "resolved": "https://registry.npmjs.org/cookie/-/cookie-0.4.1.tgz",
      "integrity": "sha512-ZwrFkGJxUR3EIoXtO+yVE69Eb7KlixbaeAWfBQB9vVsNn/o+Yw69gBWSSDK825hQNdN+wF8zELf3dFNl/kxkUA=="
    },
    "debug": {
      "version": "4.3.3",
      "resolved": "https://registry.npmjs.org/debug/-/debug-4.3.3.tgz",
      "integrity": "sha512-/zxw5+vh1Tfv+4Qn7a5nsbcJKPaSvCDhojn6FEl9vupwK2VCSDtEiEtqr8DFtzYFOdz63LBkxec7DYuc2jon6Q==",
      "requires": {
        "ms": "2.1.2"
      }
    },
    "https-proxy-agent": {
      "version": "5.0.0",
      "resolved": "https://registry.npmjs.org/https-proxy-agent/-/https-proxy-agent-5.0.0.tgz",
      "integrity": "sha512-EkYm5BcKUGiduxzSt3Eppko+PiNWNEpa4ySk9vTC6wDsQJW9rHSa+UhGNJoRYp7bz6Ht1eaRIa6QaJqO5rCFbA==",
      "requires": {
        "agent-base": "6",
        "debug": "4"
      }
    },
    "lru_map": {
      "version": "0.3.3",
      "resolved": "https://registry.npmjs.org/lru_map/-/lru_map-0.3.3.tgz",
      "integrity": "sha1-tcg1G5Rky9dQM1p5ZQoOwOVhGN0="
    },
    "ms": {
      "version": "2.1.2",
      "resolved": "https://registry.npmjs.org/ms/-/ms-2.1.2.tgz",
      "integrity": "sha512-sGkPx+VjMtmA6MX27oA4FBFELFCZZ4S4XqeGOXCv68tT+jb3vk/RyaKWP0PTKyWtmLSM0b+adUTEvbs1PEaH2w=="
    },
    "tslib": {
      "version": "1.14.1",
      "resolved": "https://registry.npmjs.org/tslib/-/tslib-1.14.1.tgz",
      "integrity": "sha512-Xni35NKzjgMrwevysHTCArtLDpPvye8zV/0E4EyYn43P7/7qvQwPh9BGkHewbMulVntbigmcT7rdX3BNo9wRJg=="
    }
  }
}
